
Microsoft Visual Studio Solution File, Format Version 12.00
# Visual Studio Version 17
VisualStudioVersion = 17.4.33103.184
MinimumVisualStudioVersion = 10.0.40219.1
Project("{FAE04EC0-301F-11D3-BF4B-00C04F79EFBC}") = "Backup1C", "Backup1C\Backup1C.csproj", "{5B1468AB-F8AC-4ECF-A2C3-8B54C418F3C5}"
EndProject
Global
	GlobalSection(SolutionConfigurationPlatforms) = preSolution
		Debug|Any CPU = Debug|Any CPU
		Release|Any CPU = Release|Any CPU
	EndGlobalSection
	GlobalSection(ProjectConfigurationPlatforms) = postSolution
		{5B1468AB-F8AC-4ECF-A2C3-8B54C418F3C5}.Debug|Any CPU.ActiveCfg = Debug|Any CPU
		{5B1468AB-F8AC-4ECF-A2C3-8B54C418F3C5}.Debug|Any CPU.Build.0 = Debug|Any CPU
		{5B1468AB-F8AC-4ECF-A2C3-8B54C418F3C5}.Release|Any CPU.ActiveCfg = Release|Any CPU
		{5B1468AB-F8AC-4ECF-A2C3-8B54C418F3C5}.Release|Any CPU.Build.0 = Release|Any CPU
	EndGlobalSection
	GlobalSection(SolutionProperties) = preSolution
		HideSolutionNode = FALSE
	EndGlobalSection
	GlobalSection(ExtensibilityGlobals) = postSolution
		SolutionGuid = {87FC187D-3E06-493C-89DA-388C13A0921C}
	EndGlobalSection
EndGlobal
